# THIS IS AN AUTOGENERATED FILE. DO NOT EDIT THIS FILE DIRECTLY.
# yarn lockfile v1


"@types/chrome@^0.0.54":
  version "0.0.54"
  resolved "https://registry.yarnpkg.com/@types/chrome/-/chrome-0.0.54.tgz#c971f1e8d57a82ae1f6232a09e839a37b50744e9"
  dependencies:
    "@types/filesystem" "*"

"@types/es6-promise@^0.0.33":
  version "0.0.33"
  resolved "https://registry.yarnpkg.com/@types/es6-promise/-/es6-promise-0.0.33.tgz#280a707e62b1b6bef1a86cc0861ec63cd06c7ff3"

"@types/filesystem@*":
  version "0.0.28"
  resolved "https://registry.yarnpkg.com/@types/filesystem/-/filesystem-0.0.28.tgz#3fd7735830f2c7413cb5ac45780bc45904697b0e"
  dependencies:
    "@types/filewriter" "*"

"@types/filewriter@*":
  version "0.0.28"
  resolved "https://registry.yarnpkg.com/@types/filewriter/-/filewriter-0.0.28.tgz#c054e8af4d9dd75db4e63abc76f885168714d4b3"

typescript@^2.6.1:
  version "2.6.1"
  resolved "https://registry.yarnpkg.com/typescript/-/typescript-2.6.1.tgz#ef39cdea27abac0b500242d6726ab90e0c846631"
